// !$*UTF8*$!
{
	archiveVersion = 1;
	classes = {
	};
	objectVersion = 56;
	objects = {

/* Begin PBXBuildFile section */
		195097522C96B43C00C920C1 /* AppDelegate.swift in Sources */ = {isa = PBXBuildFile; fileRef = 195097512C96B43C00C920C1 /* AppDelegate.swift */; };
		195097542C96B43C00C920C1 /* SceneDelegate.swift in Sources */ = {isa = PBXBuildFile; fileRef = 195097532C96B43C00C920C1 /* SceneDelegate.swift */; };
		195097562C96B43C00C920C1 /* UserListViewController.swift in Sources */ = {isa = PBXBuildFile; fileRef = 195097552C96B43C00C920C1 /* UserListViewController.swift */; };
		195097592C96B43C00C920C1 /* Base in Resources */ = {isa = PBXBuildFile; fileRef = 195097582C96B43C00C920C1 /* Base */; };
		1950975B2C96B44000C920C1 /* Assets.xcassets in Resources */ = {isa = PBXBuildFile; fileRef = 1950975A2C96B44000C920C1 /* Assets.xcassets */; };
		1950975E2C96B44000C920C1 /* Base in Resources */ = {isa = PBXBuildFile; fileRef = 1950975D2C96B44000C920C1 /* Base */; };
		195097692C96B44200C920C1 /* GitExplorerTests.swift in Sources */ = {isa = PBXBuildFile; fileRef = 195097682C96B44200C920C1 /* GitExplorerTests.swift */; };
		195097732C96B44200C920C1 /* GitExplorerUITests.swift in Sources */ = {isa = PBXBuildFile; fileRef = 195097722C96B44200C920C1 /* GitExplorerUITests.swift */; };
		195097752C96B44200C920C1 /* GitExplorerUITestsLaunchTests.swift in Sources */ = {isa = PBXBuildFile; fileRef = 195097742C96B44200C920C1 /* GitExplorerUITestsLaunchTests.swift */; };
		195097872C97503700C920C1 /* GitHubUserModel.swift in Sources */ = {isa = PBXBuildFile; fileRef = 195097862C97503700C920C1 /* GitHubUserModel.swift */; };
		195097892C9753A000C920C1 /* CustomError.swift in Sources */ = {isa = PBXBuildFile; fileRef = 195097882C97539F00C920C1 /* CustomError.swift */; };
		1950978B2C9753CF00C920C1 /* GitHubService.swift in Sources */ = {isa = PBXBuildFile; fileRef = 1950978A2C9753CF00C920C1 /* GitHubService.swift */; };
		ED58E3632C9A1D02006E04A1 /* MockGitHubService.swift in Sources */ = {isa = PBXBuildFile; fileRef = ED58E3622C9A1D02006E04A1 /* MockGitHubService.swift */; };
		ED9060152C98B4AA00DD4873 /* GitHubViewModel.swift in Sources */ = {isa = PBXBuildFile; fileRef = ED9060142C98B4AA00DD4873 /* GitHubViewModel.swift */; };
		ED9060172C98B5F500DD4873 /* UserTableViewCell.swift in Sources */ = {isa = PBXBuildFile; fileRef = ED9060162C98B5F500DD4873 /* UserTableViewCell.swift */; };
		ED9060192C98CC9200DD4873 /* GitHubCoordinator.swift in Sources */ = {isa = PBXBuildFile; fileRef = ED9060182C98CC9200DD4873 /* GitHubCoordinator.swift */; };
		ED90601B2C98DAF400DD4873 /* UserDetailViewController.swift in Sources */ = {isa = PBXBuildFile; fileRef = ED90601A2C98DAF400DD4873 /* UserDetailViewController.swift */; };
		ED90601D2C98ED5400DD4873 /* RepositoriesViewController.swift in Sources */ = {isa = PBXBuildFile; fileRef = ED90601C2C98ED5400DD4873 /* RepositoriesViewController.swift */; };
		ED90601F2C98EE5800DD4873 /* RepositoryTableViewCell.swift in Sources */ = {isa = PBXBuildFile; fileRef = ED90601E2C98EE5800DD4873 /* RepositoryTableViewCell.swift */; };
/* End PBXBuildFile section */

/* Begin PBXContainerItemProxy section */
		195097652C96B44200C920C1 /* PBXContainerItemProxy */ = {
			isa = PBXContainerItemProxy;
			containerPortal = 195097462C96B43C00C920C1 /* Project object */;
			proxyType = 1;
			remoteGlobalIDString = 1950974D2C96B43C00C920C1;
			remoteInfo = GitExplorer;
		};
		1950976F2C96B44200C920C1 /* PBXContainerItemProxy */ = {
			isa = PBXContainerItemProxy;
			containerPortal = 195097462C96B43C00C920C1 /* Project object */;
			proxyType = 1;
			remoteGlobalIDString = 1950974D2C96B43C00C920C1;
			remoteInfo = GitExplorer;
		};
/* End PBXContainerItemProxy section */

/* Begin PBXFileReference section */
		1950974E2C96B43C00C920C1 /* GitExplorer.app */ = {isa = PBXFileReference; explicitFileType = wrapper.application; includeInIndex = 0; path = GitExplorer.app; sourceTree = BUILT_PRODUCTS_DIR; };
		195097512C96B43C00C920C1 /* AppDelegate.swift */ = {isa = PBXFileReference; lastKnownFileType = sourcecode.swift; path = AppDelegate.swift; sourceTree = "<group>"; };
		195097532C96B43C00C920C1 /* SceneDelegate.swift */ = {isa = PBXFileReference; lastKnownFileType = sourcecode.swift; path = SceneDelegate.swift; sourceTree = "<group>"; };
		195097552C96B43C00C920C1 /* UserListViewController.swift */ = {isa = PBXFileReference; lastKnownFileType = sourcecode.swift; path = UserListViewController.swift; sourceTree = "<group>"; };
		195097582C96B43C00C920C1 /* Base */ = {isa = PBXFileReference; lastKnownFileType = file.storyboard; name = Base; path = Base.lproj/Main.storyboard; sourceTree = "<group>"; };
		1950975A2C96B44000C920C1 /* Assets.xcassets */ = {isa = PBXFileReference; lastKnownFileType = folder.assetcatalog; path = Assets.xcassets; sourceTree = "<group>"; };
		1950975D2C96B44000C920C1 /* Base */ = {isa = PBXFileReference; lastKnownFileType = file.storyboard; name = Base; path = Base.lproj/LaunchScreen.storyboard; sourceTree = "<group>"; };
		1950975F2C96B44000C920C1 /* Info.plist */ = {isa = PBXFileReference; lastKnownFileType = text.plist.xml; path = Info.plist; sourceTree = "<group>"; };
		195097642C96B44200C920C1 /* GitExplorerTests.xctest */ = {isa = PBXFileReference; explicitFileType = wrapper.cfbundle; includeInIndex = 0; path = GitExplorerTests.xctest; sourceTree = BUILT_PRODUCTS_DIR; };
		195097682C96B44200C920C1 /* GitExplorerTests.swift */ = {isa = PBXFileReference; lastKnownFileType = sourcecode.swift; path = GitExplorerTests.swift; sourceTree = "<group>"; };
		1950976E2C96B44200C920C1 /* GitExplorerUITests.xctest */ = {isa = PBXFileReference; explicitFileType = wrapper.cfbundle; includeInIndex = 0; path = GitExplorerUITests.xctest; sourceTree = BUILT_PRODUCTS_DIR; };
		195097722C96B44200C920C1 /* GitExplorerUITests.swift */ = {isa = PBXFileReference; lastKnownFileType = sourcecode.swift; path = GitExplorerUITests.swift; sourceTree = "<group>"; };
		195097742C96B44200C920C1 /* GitExplorerUITestsLaunchTests.swift */ = {isa = PBXFileReference; lastKnownFileType = sourcecode.swift; path = GitExplorerUITestsLaunchTests.swift; sourceTree = "<group>"; };
		195097862C97503700C920C1 /* GitHubUserModel.swift */ = {isa = PBXFileReference; lastKnownFileType = sourcecode.swift; path = GitHubUserModel.swift; sourceTree = "<group>"; };
		195097882C97539F00C920C1 /* CustomError.swift */ = {isa = PBXFileReference; lastKnownFileType = sourcecode.swift; path = CustomError.swift; sourceTree = "<group>"; };
		1950978A2C9753CF00C920C1 /* GitHubService.swift */ = {isa = PBXFileReference; lastKnownFileType = sourcecode.swift; path = GitHubService.swift; sourceTree = "<group>"; };
		ED58E3622C9A1D02006E04A1 /* MockGitHubService.swift */ = {isa = PBXFileReference; lastKnownFileType = sourcecode.swift; path = MockGitHubService.swift; sourceTree = "<group>"; };
		ED9060142C98B4AA00DD4873 /* GitHubViewModel.swift */ = {isa = PBXFileReference; lastKnownFileType = sourcecode.swift; path = GitHubViewModel.swift; sourceTree = "<group>"; };
		ED9060162C98B5F500DD4873 /* UserTableViewCell.swift */ = {isa = PBXFileReference; lastKnownFileType = sourcecode.swift; path = UserTableViewCell.swift; sourceTree = "<group>"; };
		ED9060182C98CC9200DD4873 /* GitHubCoordinator.swift */ = {isa = PBXFileReference; lastKnownFileType = sourcecode.swift; path = GitHubCoordinator.swift; sourceTree = "<group>"; };
		ED90601A2C98DAF400DD4873 /* UserDetailViewController.swift */ = {isa = PBXFileReference; lastKnownFileType = sourcecode.swift; path = UserDetailViewController.swift; sourceTree = "<group>"; };
		ED90601C2C98ED5400DD4873 /* RepositoriesViewController.swift */ = {isa = PBXFileReference; lastKnownFileType = sourcecode.swift; path = RepositoriesViewController.swift; sourceTree = "<group>"; };
		ED90601E2C98EE5800DD4873 /* RepositoryTableViewCell.swift */ = {isa = PBXFileReference; lastKnownFileType = sourcecode.swift; path = RepositoryTableViewCell.swift; sourceTree = "<group>"; };
/* End PBXFileReference section */

/* Begin PBXFrameworksBuildPhase section */
		1950974B2C96B43C00C920C1 /* Frameworks */ = {
			isa = PBXFrameworksBuildPhase;
			buildActionMask = 2147483647;
			files = (
			);
			runOnlyForDeploymentPostprocessing = 0;
		};
		195097612C96B44200C920C1 /* Frameworks */ = {
			isa = PBXFrameworksBuildPhase;
			buildActionMask = 2147483647;
			files = (
			);
			runOnlyForDeploymentPostprocessing = 0;
		};
		1950976B2C96B44200C920C1 /* Frameworks */ = {
			isa = PBXFrameworksBuildPhase;
			buildActionMask = 2147483647;
			files = (
			);
			runOnlyForDeploymentPostprocessing = 0;
		};
/* End PBXFrameworksBuildPhase section */

/* Begin PBXGroup section */
		195097452C96B43C00C920C1 = {
			isa = PBXGroup;
			children = (
				195097502C96B43C00C920C1 /* GitExplorer */,
				195097672C96B44200C920C1 /* GitExplorerTests */,
				195097712C96B44200C920C1 /* GitExplorerUITests */,
				1950974F2C96B43C00C920C1 /* Products */,
			);
			sourceTree = "<group>";
		};
		1950974F2C96B43C00C920C1 /* Products */ = {
			isa = PBXGroup;
			children = (
				1950974E2C96B43C00C920C1 /* GitExplorer.app */,
				195097642C96B44200C920C1 /* GitExplorerTests.xctest */,
				1950976E2C96B44200C920C1 /* GitExplorerUITests.xctest */,
			);
			name = Products;
			sourceTree = "<group>";
		};
		195097502C96B43C00C920C1 /* GitExplorer */ = {
			isa = PBXGroup;
			children = (
				195097812C96B44D00C920C1 /* Model */,
				195097822C96B45700C920C1 /* View */,
				ED9060132C98B48300DD4873 /*  ViewModel */,
				ED9060122C98B47900DD4873 /* Coordinator  */,
				195097852C96B47900C920C1 /* Service */,
				195097512C96B43C00C920C1 /* AppDelegate.swift */,
				195097532C96B43C00C920C1 /* SceneDelegate.swift */,
				195097572C96B43C00C920C1 /* Main.storyboard */,
				1950975A2C96B44000C920C1 /* Assets.xcassets */,
				1950975C2C96B44000C920C1 /* LaunchScreen.storyboard */,
				1950975F2C96B44000C920C1 /* Info.plist */,
			);
			path = GitExplorer;
			sourceTree = "<group>";
		};
		195097672C96B44200C920C1 /* GitExplorerTests */ = {
			isa = PBXGroup;
			children = (
				195097682C96B44200C920C1 /* GitExplorerTests.swift */,
				ED58E3622C9A1D02006E04A1 /* MockGitHubService.swift */,
			);
			path = GitExplorerTests;
			sourceTree = "<group>";
		};
		195097712C96B44200C920C1 /* GitExplorerUITests */ = {
			isa = PBXGroup;
			children = (
				195097722C96B44200C920C1 /* GitExplorerUITests.swift */,
				195097742C96B44200C920C1 /* GitExplorerUITestsLaunchTests.swift */,
			);
			path = GitExplorerUITests;
			sourceTree = "<group>";
		};
		195097812C96B44D00C920C1 /* Model */ = {
			isa = PBXGroup;
			children = (
				195097862C97503700C920C1 /* GitHubUserModel.swift */,
			);
			path = Model;
			sourceTree = "<group>";
		};
		195097822C96B45700C920C1 /* View */ = {
			isa = PBXGroup;
			children = (
				195097552C96B43C00C920C1 /* UserListViewController.swift */,
				ED9060162C98B5F500DD4873 /* UserTableViewCell.swift */,
				ED90601A2C98DAF400DD4873 /* UserDetailViewController.swift */,
				ED90601C2C98ED5400DD4873 /* RepositoriesViewController.swift */,
				ED90601E2C98EE5800DD4873 /* RepositoryTableViewCell.swift */,
			);
			path = View;
			sourceTree = "<group>";
		};
		195097852C96B47900C920C1 /* Service */ = {
			isa = PBXGroup;
			children = (
				195097882C97539F00C920C1 /* CustomError.swift */,
				1950978A2C9753CF00C920C1 /* GitHubService.swift */,
			);
			path = Service;
			sourceTree = "<group>";
		};
		ED9060122C98B47900DD4873 /* Coordinator  */ = {
			isa = PBXGroup;
			children = (
				ED9060182C98CC9200DD4873 /* GitHubCoordinator.swift */,
			);
			path = "Coordinator ";
			sourceTree = "<group>";
		};
		ED9060132C98B48300DD4873 /*  ViewModel */ = {
			isa = PBXGroup;
			children = (
				ED9060142C98B4AA00DD4873 /* GitHubViewModel.swift */,
			);
			path = " ViewModel";
			sourceTree = "<group>";
		};
/* End PBXGroup section */

/* Begin PBXNativeTarget section */
		1950974D2C96B43C00C920C1 /* GitExplorer */ = {
			isa = PBXNativeTarget;
			buildConfigurationList = 195097782C96B44200C920C1 /* Build configuration list for PBXNativeTarget "GitExplorer" */;
			buildPhases = (
				1950974A2C96B43C00C920C1 /* Sources */,
				1950974B2C96B43C00C920C1 /* Frameworks */,
				1950974C2C96B43C00C920C1 /* Resources */,
			);
			buildRules = (
			);
			dependencies = (
			);
			name = GitExplorer;
			productName = GitExplorer;
			productReference = 1950974E2C96B43C00C920C1 /* GitExplorer.app */;
			productType = "com.apple.product-type.application";
		};
		195097632C96B44200C920C1 /* GitExplorerTests */ = {
			isa = PBXNativeTarget;
			buildConfigurationList = 1950977B2C96B44200C920C1 /* Build configuration list for PBXNativeTarget "GitExplorerTests" */;
			buildPhases = (
				195097602C96B44200C920C1 /* Sources */,
				195097612C96B44200C920C1 /* Frameworks */,
				195097622C96B44200C920C1 /* Resources */,
			);
			buildRules = (
			);
			dependencies = (
				195097662C96B44200C920C1 /* PBXTargetDependency */,
			);
			name = GitExplorerTests;
			productName = GitExplorerTests;
			productReference = 195097642C96B44200C920C1 /* GitExplorerTests.xctest */;
			productType = "com.apple.product-type.bundle.unit-test";
		};
		1950976D2C96B44200C920C1 /* GitExplorerUITests */ = {
			isa = PBXNativeTarget;
			buildConfigurationList = 1950977E2C96B44200C920C1 /* Build configuration list for PBXNativeTarget "GitExplorerUITests" */;
			buildPhases = (
				1950976A2C96B44200C920C1 /* Sources */,
				1950976B2C96B44200C920C1 /* Frameworks */,
				1950976C2C96B44200C920C1 /* Resources */,
			);
			buildRules = (
			);
			dependencies = (
				195097702C96B44200C920C1 /* PBXTargetDependency */,
			);
			name = GitExplorerUITests;
			productName = GitExplorerUITests;
			productReference = 1950976E2C96B44200C920C1 /* GitExplorerUITests.xctest */;
			productType = "com.apple.product-type.bundle.ui-testing";
		};
/* End PBXNativeTarget section */

/* Begin PBXProject section */
		195097462C96B43C00C920C1 /* Project object */ = {
			isa = PBXProject;
			attributes = {
				BuildIndependentTargetsInParallel = 1;
				LastSwiftUpdateCheck = 1540;
				LastUpgradeCheck = 1540;
				TargetAttributes = {
					1950974D2C96B43C00C920C1 = {
						CreatedOnToolsVersion = 15.4;
					};
					195097632C96B44200C920C1 = {
						CreatedOnToolsVersion = 15.4;
						TestTargetID = 1950974D2C96B43C00C920C1;
					};
					1950976D2C96B44200C920C1 = {
						CreatedOnToolsVersion = 15.4;
						TestTargetID = 1950974D2C96B43C00C920C1;
					};
				};
			};
			buildConfigurationList = 195097492C96B43C00C920C1 /* Build configuration list for PBXProject "GitExplorer" */;
			compatibilityVersion = "Xcode 14.0";
			developmentRegion = en;
			hasScannedForEncodings = 0;
			knownRegions = (
				en,
				Base,
			);
			mainGroup = 195097452C96B43C00C920C1;
			productRefGroup = 1950974F2C96B43C00C920C1 /* Products */;
			projectDirPath = "";
			projectRoot = "";
			targets = (
				1950974D2C96B43C00C920C1 /* GitExplorer */,
				195097632C96B44200C920C1 /* GitExplorerTests */,
				1950976D2C96B44200C920C1 /* GitExplorerUITests */,
			);
		};
/* End PBXProject section */

/* Begin PBXResourcesBuildPhase section */
		1950974C2C96B43C00C920C1 /* Resources */ = {
			isa = PBXResourcesBuildPhase;
			buildActionMask = 2147483647;
			files = (
				1950975B2C96B44000C920C1 /* Assets.xcassets in Resources */,
				1950975E2C96B44000C920C1 /* Base in Resources */,
				195097592C96B43C00C920C1 /* Base in Resources */,
			);
			runOnlyForDeploymentPostprocessing = 0;
		};
		195097622C96B44200C920C1 /* Resources */ = {
			isa = PBXResourcesBuildPhase;
			buildActionMask = 2147483647;
			files = (
			);
			runOnlyForDeploymentPostprocessing = 0;
		};
		1950976C2C96B44200C920C1 /* Resources */ = {
			isa = PBXResourcesBuildPhase;
			buildActionMask = 2147483647;
			files = (
			);
			runOnlyForDeploymentPostprocessing = 0;
		};
/* End PBXResourcesBuildPhase section */

/* Begin PBXSourcesBuildPhase section */
		1950974A2C96B43C00C920C1 /* Sources */ = {
			isa = PBXSourcesBuildPhase;
			buildActionMask = 2147483647;
			files = (
				ED90601D2C98ED5400DD4873 /* RepositoriesViewController.swift in Sources */,
				195097892C9753A000C920C1 /* CustomError.swift in Sources */,
				195097562C96B43C00C920C1 /* UserListViewController.swift in Sources */,
				ED90601F2C98EE5800DD4873 /* RepositoryTableViewCell.swift in Sources */,
				ED9060192C98CC9200DD4873 /* GitHubCoordinator.swift in Sources */,
				195097522C96B43C00C920C1 /* AppDelegate.swift in Sources */,
				195097542C96B43C00C920C1 /* SceneDelegate.swift in Sources */,
				ED9060172C98B5F500DD4873 /* UserTableViewCell.swift in Sources */,
				ED90601B2C98DAF400DD4873 /* UserDetailViewController.swift in Sources */,
				1950978B2C9753CF00C920C1 /* GitHubService.swift in Sources */,
				ED9060152C98B4AA00DD4873 /* GitHubViewModel.swift in Sources */,
				195097872C97503700C920C1 /* GitHubUserModel.swift in Sources */,
			);
			runOnlyForDeploymentPostprocessing = 0;
		};
		195097602C96B44200C920C1 /* Sources */ = {
			isa = PBXSourcesBuildPhase;
			buildActionMask = 2147483647;
			files = (
				ED58E3632C9A1D02006E04A1 /* MockGitHubService.swift in Sources */,
				195097692C96B44200C920C1 /* GitExplorerTests.swift in Sources */,
			);
			runOnlyForDeploymentPostprocessing = 0;
		};
		1950976A2C96B44200C920C1 /* Sources */ = {
			isa = PBXSourcesBuildPhase;
			buildActionMask = 2147483647;
			files = (
				195097752C96B44200C920C1 /* GitExplorerUITestsLaunchTests.swift in Sources */,
				195097732C96B44200C920C1 /* GitExplorerUITests.swift in Sources */,
			);
			runOnlyForDeploymentPostprocessing = 0;
		};
/* End PBXSourcesBuildPhase section */

/* Begin PBXTargetDependency section */
		195097662C96B44200C920C1 /* PBXTargetDependency */ = {
			isa = PBXTargetDependency;
			target = 1950974D2C96B43C00C920C1 /* GitExplorer */;
			targetProxy = 195097652C96B44200C920C1 /* PBXContainerItemProxy */;
		};
		195097702C96B44200C920C1 /* PBXTargetDependency */ = {
			isa = PBXTargetDependency;
			target = 1950974D2C96B43C00C920C1 /* GitExplorer */;
			targetProxy = 1950976F2C96B44200C920C1 /* PBXContainerItemProxy */;
		};
/* End PBXTargetDependency section */

/* Begin PBXVariantGroup section */
		195097572C96B43C00C920C1 /* Main.storyboard */ = {
			isa = PBXVariantGroup;
			children = (
				195097582C96B43C00C920C1 /* Base */,
			);
			name = Main.storyboard;
			sourceTree = "<group>";
		};
		1950975C2C96B44000C920C1 /* LaunchScreen.storyboard */ = {
			isa = PBXVariantGroup;
			children = (
				1950975D2C96B44000C920C1 /* Base */,
			);
			name = LaunchScreen.storyboard;
			sourceTree = "<group>";
		};
/* End PBXVariantGroup section */

/* Begin XCBuildConfiguration section */
		195097762C96B44200C920C1 /* Debug */ = {
			isa = XCBuildConfiguration;
			buildSettings = {
				ALWAYS_SEARCH_USER_PATHS = NO;
				ASSETCATALOG_COMPILER_GENERATE_SWIFT_ASSET_SYMBOL_EXTENSIONS = YES;
				CLANG_ANALYZER_NONNULL = YES;
				CLANG_ANALYZER_NUMBER_OBJECT_CONVERSION = YES_AGGRESSIVE;
				CLANG_CXX_LANGUAGE_STANDARD = "gnu++20";
				CLANG_ENABLE_MODULES = YES;
				CLANG_ENABLE_OBJC_ARC = YES;
				CLANG_ENABLE_OBJC_WEAK = YES;
				CLANG_WARN_BLOCK_CAPTURE_AUTORELEASING = YES;
				CLANG_WARN_BOOL_CONVERSION = YES;
				CLANG_WARN_COMMA = YES;
				CLANG_WARN_CONSTANT_CONVERSION = YES;
				CLANG_WARN_DEPRECATED_OBJC_IMPLEMENTATIONS = YES;
				CLANG_WARN_DIRECT_OBJC_ISA_USAGE = YES_ERROR;
				CLANG_WARN_DOCUMENTATION_COMMENTS = YES;
				CLANG_WARN_EMPTY_BODY = YES;
				CLANG_WARN_ENUM_CONVERSION = YES;
				CLANG_WARN_INFINITE_RECURSION = YES;
				CLANG_WARN_INT_CONVERSION = YES;
				CLANG_WARN_NON_LITERAL_NULL_CONVERSION = YES;
				CLANG_WARN_OBJC_IMPLICIT_RETAIN_SELF = YES;
				CLANG_WARN_OBJC_LITERAL_CONVERSION = YES;
				CLANG_WARN_OBJC_ROOT_CLASS = YES_ERROR;
				CLANG_WARN_QUOTED_INCLUDE_IN_FRAMEWORK_HEADER = YES;
				CLANG_WARN_RANGE_LOOP_ANALYSIS = YES;
				CLANG_WARN_STRICT_PROTOTYPES = YES;
				CLANG_WARN_SUSPICIOUS_MOVE = YES;
				CLANG_WARN_UNGUARDED_AVAILABILITY = YES_AGGRESSIVE;
				CLANG_WARN_UNREACHABLE_CODE = YES;
				CLANG_WARN__DUPLICATE_METHOD_MATCH = YES;
				COPY_PHASE_STRIP = NO;
				DEBUG_INFORMATION_FORMAT = dwarf;
				ENABLE_STRICT_OBJC_MSGSEND = YES;
				ENABLE_TESTABILITY = YES;
				ENABLE_USER_SCRIPT_SANDBOXING = YES;
				GCC_C_LANGUAGE_STANDARD = gnu17;
				GCC_DYNAMIC_NO_PIC = NO;
				GCC_NO_COMMON_BLOCKS = YES;
				GCC_OPTIMIZATION_LEVEL = 0;
				GCC_PREPROCESSOR_DEFINITIONS = (
					"DEBUG=1",
					"$(inherited)",
				);
				GCC_WARN_64_TO_32_BIT_CONVERSION = YES;
				GCC_WARN_ABOUT_RETURN_TYPE = YES_ERROR;
				GCC_WARN_UNDECLARED_SELECTOR = YES;
				GCC_WARN_UNINITIALIZED_AUTOS = YES_AGGRESSIVE;
				GCC_WARN_UNUSED_FUNCTION = YES;
				GCC_WARN_UNUSED_VARIABLE = YES;
				IPHONEOS_DEPLOYMENT_TARGET = 17.5;
				LOCALIZATION_PREFERS_STRING_CATALOGS = YES;
				MTL_ENABLE_DEBUG_INFO = INCLUDE_SOURCE;
				MTL_FAST_MATH = YES;
				ONLY_ACTIVE_ARCH = YES;
				SDKROOT = iphoneos;
				SWIFT_ACTIVE_COMPILATION_CONDITIONS = "DEBUG $(inherited)";
				SWIFT_OPTIMIZATION_LEVEL = "-Onone";
			};
			name = Debug;
		};
		195097772C96B44200C920C1 /* Release */ = {
			isa = XCBuildConfiguration;
			buildSettings = {
				ALWAYS_SEARCH_USER_PATHS = NO;
				ASSETCATALOG_COMPILER_GENERATE_SWIFT_ASSET_SYMBOL_EXTENSIONS = YES;
				CLANG_ANALYZER_NONNULL = YES;
				CLANG_ANALYZER_NUMBER_OBJECT_CONVERSION = YES_AGGRESSIVE;
				CLANG_CXX_LANGUAGE_STANDARD = "gnu++20";
				CLANG_ENABLE_MODULES = YES;
				CLANG_ENABLE_OBJC_ARC = YES;
				CLANG_ENABLE_OBJC_WEAK = YES;
				CLANG_WARN_BLOCK_CAPTURE_AUTORELEASING = YES;
				CLANG_WARN_BOOL_CONVERSION = YES;
				CLANG_WARN_COMMA = YES;
				CLANG_WARN_CONSTANT_CONVERSION = YES;
				CLANG_WARN_DEPRECATED_OBJC_IMPLEMENTATIONS = YES;
				CLANG_WARN_DIRECT_OBJC_ISA_USAGE = YES_ERROR;
				CLANG_WARN_DOCUMENTATION_COMMENTS = YES;
				CLANG_WARN_EMPTY_BODY = YES;
				CLANG_WARN_ENUM_CONVERSION = YES;
				CLANG_WARN_INFINITE_RECURSION = YES;
				CLANG_WARN_INT_CONVERSION = YES;
				CLANG_WARN_NON_LITERAL_NULL_CONVERSION = YES;
				CLANG_WARN_OBJC_IMPLICIT_RETAIN_SELF = YES;
				CLANG_WARN_OBJC_LITERAL_CONVERSION = YES;
				CLANG_WARN_OBJC_ROOT_CLASS = YES_ERROR;
				CLANG_WARN_QUOTED_INCLUDE_IN_FRAMEWORK_HEADER = YES;
				CLANG_WARN_RANGE_LOOP_ANALYSIS = YES;
				CLANG_WARN_STRICT_PROTOTYPES = YES;
				CLANG_WARN_SUSPICIOUS_MOVE = YES;
				CLANG_WARN_UNGUARDED_AVAILABILITY = YES_AGGRESSIVE;
				CLANG_WARN_UNREACHABLE_CODE = YES;
				CLANG_WARN__DUPLICATE_METHOD_MATCH = YES;
				COPY_PHASE_STRIP = NO;
				DEBUG_INFORMATION_FORMAT = "dwarf-with-dsym";
				ENABLE_NS_ASSERTIONS = NO;
				ENABLE_STRICT_OBJC_MSGSEND = YES;
				ENABLE_USER_SCRIPT_SANDBOXING = YES;
				GCC_C_LANGUAGE_STANDARD = gnu17;
				GCC_NO_COMMON_BLOCKS = YES;
				GCC_WARN_64_TO_32_BIT_CONVERSION = YES;
				GCC_WARN_ABOUT_RETURN_TYPE = YES_ERROR;
				GCC_WARN_UNDECLARED_SELECTOR = YES;
				GCC_WARN_UNINITIALIZED_AUTOS = YES_AGGRESSIVE;
				GCC_WARN_UNUSED_FUNCTION = YES;
				GCC_WARN_UNUSED_VARIABLE = YES;
				IPHONEOS_DEPLOYMENT_TARGET = 17.5;
				LOCALIZATION_PREFERS_STRING_CATALOGS = YES;
				MTL_ENABLE_DEBUG_INFO = NO;
				MTL_FAST_MATH = YES;
				SDKROOT = iphoneos;
				SWIFT_COMPILATION_MODE = wholemodule;
				VALIDATE_PRODUCT = YES;
			};
			name = Release;
		};
		195097792C96B44200C920C1 /* Debug */ = {
			isa = XCBuildConfiguration;
			buildSettings = {
				ASSETCATALOG_COMPILER_APPICON_NAME = AppIcon;
				ASSETCATALOG_COMPILER_GLOBAL_ACCENT_COLOR_NAME = AccentColor;
				CODE_SIGN_STYLE = Automatic;
				CURRENT_PROJECT_VERSION = 1;
				GENERATE_INFOPLIST_FILE = YES;
				INFOPLIST_FILE = GitExplorer/Info.plist;
				INFOPLIST_KEY_UIApplicationSupportsIndirectInputEvents = YES;
				INFOPLIST_KEY_UILaunchStoryboardName = LaunchScreen;
				INFOPLIST_KEY_UIMainStoryboardFile = Main;
				INFOPLIST_KEY_UISupportedInterfaceOrientations_iPad = "UIInterfaceOrientationPortrait UIInterfaceOrientationPortraitUpsideDown UIInterfaceOrientationLandscapeLeft UIInterfaceOrientationLandscapeRight";
				INFOPLIST_KEY_UISupportedInterfaceOrientations_iPhone = "UIInterfaceOrientationPortrait UIInterfaceOrientationLandscapeLeft UIInterfaceOrientationLandscapeRight";
				IPHONEOS_DEPLOYMENT_TARGET = 17.2;
				LD_RUNPATH_SEARCH_PATHS = (
					"$(inherited)",
					"@executable_path/Frameworks",
				);
				MARKETING_VERSION = 1.0;
				PRODUCT_BUNDLE_IDENTIFIER = com.salomaomartha.GitExplorer;
				PRODUCT_NAME = "$(TARGET_NAME)";
				SWIFT_EMIT_LOC_STRINGS = YES;
				SWIFT_VERSION = 5.0;
				TARGETED_DEVICE_FAMILY = "1,2";
			};
			name = Debug;
		};
		1950977A2C96B44200C920C1 /* Release */ = {
			isa = XCBuildConfiguration;
			buildSettings = {
				ASSETCATALOG_COMPILER_APPICON_NAME = AppIcon;
				ASSETCATALOG_COMPILER_GLOBAL_ACCENT_COLOR_NAME = AccentColor;
				CODE_SIGN_STYLE = Automatic;
				CURRENT_PROJECT_VERSION = 1;
				GENERATE_INFOPLIST_FILE = YES;
				INFOPLIST_FILE = GitExplorer/Info.plist;
				INFOPLIST_KEY_UIApplicationSupportsIndirectInputEvents = YES;
				INFOPLIST_KEY_UILaunchStoryboardName = LaunchScreen;
				INFOPLIST_KEY_UIMainStoryboardFile = Main;
				INFOPLIST_KEY_UISupportedInterfaceOrientations_iPad = "UIInterfaceOrientationPortrait UIInterfaceOrientationPortraitUpsideDown UIInterfaceOrientationLandscapeLeft UIInterfaceOrientationLandscapeRight";
				INFOPLIST_KEY_UISupportedInterfaceOrientations_iPhone = "UIInterfaceOrientationPortrait UIInterfaceOrientationLandscapeLeft UIInterfaceOrientationLandscapeRight";
				IPHONEOS_DEPLOYMENT_TARGET = 17.2;
				LD_RUNPATH_SEARCH_PATHS = (
					"$(inherited)",
					"@executable_path/Frameworks",
				);
				MARKETING_VERSION = 1.0;
				PRODUCT_BUNDLE_IDENTIFIER = com.salomaomartha.GitExplorer;
				PRODUCT_NAME = "$(TARGET_NAME)";
				SWIFT_EMIT_LOC_STRINGS = YES;
				SWIFT_VERSION = 5.0;
				TARGETED_DEVICE_FAMILY = "1,2";
			};
			name = Release;
		};
		1950977C2C96B44200C920C1 /* Debug */ = {
			isa = XCBuildConfiguration;
			buildSettings = {
				ALWAYS_EMBED_SWIFT_STANDARD_LIBRARIES = YES;
				BUNDLE_LOADER = "$(TEST_HOST)";
				CODE_SIGN_STYLE = Automatic;
				CURRENT_PROJECT_VERSION = 1;
				GENERATE_INFOPLIST_FILE = YES;
				IPHONEOS_DEPLOYMENT_TARGET = 17.2;
				MARKETING_VERSION = 1.0;
				PRODUCT_BUNDLE_IDENTIFIER = com.salomaomartha.GitExplorerTests;
				PRODUCT_NAME = "$(TARGET_NAME)";
				SWIFT_EMIT_LOC_STRINGS = NO;
				SWIFT_VERSION = 5.0;
				TARGETED_DEVICE_FAMILY = "1,2";
				TEST_HOST = "$(BUILT_PRODUCTS_DIR)/GitExplorer.app/$(BUNDLE_EXECUTABLE_FOLDER_PATH)/GitExplorer";
			};
			name = Debug;
		};
		1950977D2C96B44200C920C1 /* Release */ = {
			isa = XCBuildConfiguration;
			buildSettings = {
				ALWAYS_EMBED_SWIFT_STANDARD_LIBRARIES = YES;
				BUNDLE_LOADER = "$(TEST_HOST)";
				CODE_SIGN_STYLE = Automatic;
				CURRENT_PROJECT_VERSION = 1;
				GENERATE_INFOPLIST_FILE = YES;
				IPHONEOS_DEPLOYMENT_TARGET = 17.2;
				MARKETING_VERSION = 1.0;
				PRODUCT_BUNDLE_IDENTIFIER = com.salomaomartha.GitExplorerTests;
				PRODUCT_NAME = "$(TARGET_NAME)";
				SWIFT_EMIT_LOC_STRINGS = NO;
				SWIFT_VERSION = 5.0;
				TARGETED_DEVICE_FAMILY = "1,2";
				TEST_HOST = "$(BUILT_PRODUCTS_DIR)/GitExplorer.app/$(BUNDLE_EXECUTABLE_FOLDER_PATH)/GitExplorer";
			};
			name = Release;
		};
		1950977F2C96B44200C920C1 /* Debug */ = {
			isa = XCBuildConfiguration;
			buildSettings = {
				ALWAYS_EMBED_SWIFT_STANDARD_LIBRARIES = YES;
				CODE_SIGN_STYLE = Automatic;
				CURRENT_PROJECT_VERSION = 1;
				GENERATE_INFOPLIST_FILE = YES;
				IPHONEOS_DEPLOYMENT_TARGET = 17.2;
				MARKETING_VERSION = 1.0;
				PRODUCT_BUNDLE_IDENTIFIER = com.salomaomartha.GitExplorerUITests;
				PRODUCT_NAME = "$(TARGET_NAME)";
				SWIFT_EMIT_LOC_STRINGS = NO;
				SWIFT_VERSION = 5.0;
				TARGETED_DEVICE_FAMILY = "1,2";
				TEST_TARGET_NAME = GitExplorer;
			};
			name = Debug;
		};
		195097802C96B44200C920C1 /* Release */ = {
			isa = XCBuildConfiguration;
			buildSettings = {
				ALWAYS_EMBED_SWIFT_STANDARD_LIBRARIES = YES;
				CODE_SIGN_STYLE = Automatic;
				CURRENT_PROJECT_VERSION = 1;
				GENERATE_INFOPLIST_FILE = YES;
				IPHONEOS_DEPLOYMENT_TARGET = 17.2;
				MARKETING_VERSION = 1.0;
				PRODUCT_BUNDLE_IDENTIFIER = com.salomaomartha.GitExplorerUITests;
				PRODUCT_NAME = "$(TARGET_NAME)";
				SWIFT_EMIT_LOC_STRINGS = NO;
				SWIFT_VERSION = 5.0;
				TARGETED_DEVICE_FAMILY = "1,2";
				TEST_TARGET_NAME = GitExplorer;
			};
			name = Release;
		};
/* End XCBuildConfiguration section */

/* Begin XCConfigurationList section */
		195097492C96B43C00C920C1 /* Build configuration list for PBXProject "GitExplorer" */ = {
			isa = XCConfigurationList;
			buildConfigurations = (
				195097762C96B44200C920C1 /* Debug */,
				195097772C96B44200C920C1 /* Release */,
			);
			defaultConfigurationIsVisible = 0;
			defaultConfigurationName = Release;
		};
		195097782C96B44200C920C1 /* Build configuration list for PBXNativeTarget "GitExplorer" */ = {
			isa = XCConfigurationList;
			buildConfigurations = (
				195097792C96B44200C920C1 /* Debug */,
				1950977A2C96B44200C920C1 /* Release */,
			);
			defaultConfigurationIsVisible = 0;
			defaultConfigurationName = Release;
		};
		1950977B2C96B44200C920C1 /* Build configuration list for PBXNativeTarget "GitExplorerTests" */ = {
			isa = XCConfigurationList;
			buildConfigurations = (
				1950977C2C96B44200C920C1 /* Debug */,
				1950977D2C96B44200C920C1 /* Release */,
			);
			defaultConfigurationIsVisible = 0;
			defaultConfigurationName = Release;
		};
		1950977E2C96B44200C920C1 /* Build configuration list for PBXNativeTarget "GitExplorerUITests" */ = {
			isa = XCConfigurationList;
			buildConfigurations = (
				1950977F2C96B44200C920C1 /* Debug */,
				195097802C96B44200C920C1 /* Release */,
			);
			defaultConfigurationIsVisible = 0;
			defaultConfigurationName = Release;
		};
/* End XCConfigurationList section */
	};
	rootObject = 195097462C96B43C00C920C1 /* Project object */;
}
